// !$*UTF8*$!
{
	archiveVersion = 1;
	classes = {
	};
	objectVersion = 56;
	objects = {

/* Begin PBXBuildFile section */
		2046FB09296C2AAA00AFD0A8 /* thulac_lib.cc in Sources */ = {isa = PBXBuildFile; fileRef = 2046FAFF296C2AAA00AFD0A8 /* thulac_lib.cc */; };
		2046FB17296C3E1400AFD0A8 /* libthulac.hpp in Headers */ = {isa = PBXBuildFile; fileRef = 2046FB16296C3E1400AFD0A8 /* libthulac.hpp */; };
		2046FB19296C3E1400AFD0A8 /* libthulacPriv.hpp in Headers */ = {isa = PBXBuildFile; fileRef = 2046FB18296C3E1400AFD0A8 /* libthulacPriv.hpp */; };
		2046FB1B296C3E1400AFD0A8 /* libthulac.cpp in Sources */ = {isa = PBXBuildFile; fileRef = 2046FB1A296C3E1400AFD0A8 /* libthulac.cpp */; };
		2046FB26296C435600AFD0A8 /* ThulacHelper.cpp in Sources */ = {isa = PBXBuildFile; fileRef = 2046FB24296C435600AFD0A8 /* ThulacHelper.cpp */; };
		2046FB27296C435600AFD0A8 /* ThulacHelper.cpp in Sources */ = {isa = PBXBuildFile; fileRef = 2046FB24296C435600AFD0A8 /* ThulacHelper.cpp */; };
		2046FB29296C448400AFD0A8 /* ThulacHelper.hpp in Headers */ = {isa = PBXBuildFile; fileRef = 2046FB25296C435600AFD0A8 /* ThulacHelper.hpp */; };
/* End PBXBuildFile section */

/* Begin PBXCopyFilesBuildPhase section */
		2046FAE9296C2A8A00AFD0A8 /* CopyFiles */ = {
			isa = PBXCopyFilesBuildPhase;
			buildActionMask = 2147483647;
			dstPath = /usr/share/man/man1/;
			dstSubfolderSpec = 0;
			files = (
			);
			runOnlyForDeploymentPostprocessing = 1;
		};
/* End PBXCopyFilesBuildPhase section */

/* Begin PBXFileReference section */
		2046FAEB296C2A8A00AFD0A8 /* thulac */ = {isa = PBXFileReference; explicitFileType = "compiled.mach-o.executable"; includeInIndex = 0; path = thulac; sourceTree = BUILT_PRODUCTS_DIR; };
		2046FAF6296C2AAA00AFD0A8 /* preprocess.h */ = {isa = PBXFileReference; fileEncoding = 4; lastKnownFileType = sourcecode.c.h; path = preprocess.h; sourceTree = "<group>"; };
		2046FAF7296C2AAA00AFD0A8 /* cb_ngram_feature.h */ = {isa = PBXFileReference; fileEncoding = 4; lastKnownFileType = sourcecode.c.h; path = cb_ngram_feature.h; sourceTree = "<group>"; };
		2046FAF8296C2AAA00AFD0A8 /* verbword.h */ = {isa = PBXFileReference; fileEncoding = 4; lastKnownFileType = sourcecode.c.h; path = verbword.h; sourceTree = "<group>"; };
		2046FAF9296C2AAA00AFD0A8 /* thulac_character.h */ = {isa = PBXFileReference; fileEncoding = 4; lastKnownFileType = sourcecode.c.h; path = thulac_character.h; sourceTree = "<group>"; };
		2046FAFA296C2AAA00AFD0A8 /* thulac.h */ = {isa = PBXFileReference; fileEncoding = 4; lastKnownFileType = sourcecode.c.h; path = thulac.h; sourceTree = "<group>"; };
		2046FAFB296C2AAA00AFD0A8 /* punctuation.h */ = {isa = PBXFileReference; fileEncoding = 4; lastKnownFileType = sourcecode.c.h; path = punctuation.h; sourceTree = "<group>"; };
		2046FAFC296C2AAA00AFD0A8 /* negword.h */ = {isa = PBXFileReference; fileEncoding = 4; lastKnownFileType = sourcecode.c.h; path = negword.h; sourceTree = "<group>"; };
		2046FAFD296C2AAA00AFD0A8 /* thulac_base.h */ = {isa = PBXFileReference; fileEncoding = 4; lastKnownFileType = sourcecode.c.h; path = thulac_base.h; sourceTree = "<group>"; };
		2046FAFE296C2AAA00AFD0A8 /* cb_tagging_decoder.h */ = {isa = PBXFileReference; fileEncoding = 4; lastKnownFileType = sourcecode.c.h; path = cb_tagging_decoder.h; sourceTree = "<group>"; };
		2046FAFF296C2AAA00AFD0A8 /* thulac_lib.cc */ = {isa = PBXFileReference; fileEncoding = 4; lastKnownFileType = sourcecode.cpp.cpp; path = thulac_lib.cc; sourceTree = "<group>"; };
		2046FB00296C2AAA00AFD0A8 /* cb_decoder.h */ = {isa = PBXFileReference; fileEncoding = 4; lastKnownFileType = sourcecode.c.h; path = cb_decoder.h; sourceTree = "<group>"; };
		2046FB01296C2AAA00AFD0A8 /* postprocess.h */ = {isa = PBXFileReference; fileEncoding = 4; lastKnownFileType = sourcecode.c.h; path = postprocess.h; sourceTree = "<group>"; };
		2046FB02296C2AAA00AFD0A8 /* timeword.h */ = {isa = PBXFileReference; fileEncoding = 4; lastKnownFileType = sourcecode.c.h; path = timeword.h; sourceTree = "<group>"; };
		2046FB03296C2AAA00AFD0A8 /* cb_tagging_learner.h */ = {isa = PBXFileReference; fileEncoding = 4; lastKnownFileType = sourcecode.c.h; path = cb_tagging_learner.h; sourceTree = "<group>"; };
		2046FB04296C2AAA00AFD0A8 /* cb_model.h */ = {isa = PBXFileReference; fileEncoding = 4; lastKnownFileType = sourcecode.c.h; path = cb_model.h; sourceTree = "<group>"; };
		2046FB05296C2AAA00AFD0A8 /* thulac_raw.h */ = {isa = PBXFileReference; fileEncoding = 4; lastKnownFileType = sourcecode.c.h; path = thulac_raw.h; sourceTree = "<group>"; };
		2046FB06296C2AAA00AFD0A8 /* filter.h */ = {isa = PBXFileReference; fileEncoding = 4; lastKnownFileType = sourcecode.c.h; path = filter.h; sourceTree = "<group>"; };
		2046FB07296C2AAA00AFD0A8 /* dat.h */ = {isa = PBXFileReference; fileEncoding = 4; lastKnownFileType = sourcecode.c.h; path = dat.h; sourceTree = "<group>"; };
		2046FB08296C2AAA00AFD0A8 /* thulac_lib.h */ = {isa = PBXFileReference; fileEncoding = 4; lastKnownFileType = sourcecode.c.h; path = thulac_lib.h; sourceTree = "<group>"; };
		2046FB14296C3E1400AFD0A8 /* liblibthulac.a */ = {isa = PBXFileReference; explicitFileType = archive.ar; includeInIndex = 0; path = liblibthulac.a; sourceTree = BUILT_PRODUCTS_DIR; };
		2046FB16296C3E1400AFD0A8 /* libthulac.hpp */ = {isa = PBXFileReference; lastKnownFileType = sourcecode.cpp.h; path = libthulac.hpp; sourceTree = "<group>"; };
		2046FB18296C3E1400AFD0A8 /* libthulacPriv.hpp */ = {isa = PBXFileReference; lastKnownFileType = sourcecode.cpp.h; path = libthulacPriv.hpp; sourceTree = "<group>"; };
		2046FB1A296C3E1400AFD0A8 /* libthulac.cpp */ = {isa = PBXFileReference; lastKnownFileType = sourcecode.cpp.cpp; path = libthulac.cpp; sourceTree = "<group>"; };
		2046FB24296C435600AFD0A8 /* ThulacHelper.cpp */ = {isa = PBXFileReference; lastKnownFileType = sourcecode.cpp.cpp; path = ThulacHelper.cpp; sourceTree = "<group>"; };
		2046FB25296C435600AFD0A8 /* ThulacHelper.hpp */ = {isa = PBXFileReference; lastKnownFileType = sourcecode.cpp.h; path = ThulacHelper.hpp; sourceTree = "<group>"; };
/* End PBXFileReference section */

/* Begin PBXFrameworksBuildPhase section */
		2046FAE8296C2A8A00AFD0A8 /* Frameworks */ = {
			isa = PBXFrameworksBuildPhase;
			buildActionMask = 2147483647;
			files = (
			);
			runOnlyForDeploymentPostprocessing = 0;
		};
		2046FB12296C3E1400AFD0A8 /* Frameworks */ = {
			isa = PBXFrameworksBuildPhase;
			buildActionMask = 2147483647;
			files = (
			);
			runOnlyForDeploymentPostprocessing = 0;
		};
/* End PBXFrameworksBuildPhase section */

/* Begin PBXGroup section */
		2046FAE2296C2A8A00AFD0A8 = {
			isa = PBXGroup;
			children = (
				2046FAF5296C2AAA00AFD0A8 /* include */,
				2046FAED296C2A8A00AFD0A8 /* thulac */,
				2046FB15296C3E1400AFD0A8 /* libthulac */,
				2046FAEC296C2A8A00AFD0A8 /* Products */,
			);
			sourceTree = "<group>";
		};
		2046FAEC296C2A8A00AFD0A8 /* Products */ = {
			isa = PBXGroup;
			children = (
				2046FAEB296C2A8A00AFD0A8 /* thulac */,
				2046FB14296C3E1400AFD0A8 /* liblibthulac.a */,
			);
			name = Products;
			sourceTree = "<group>";
		};
		2046FAED296C2A8A00AFD0A8 /* thulac */ = {
			isa = PBXGroup;
			children = (
				2046FB24296C435600AFD0A8 /* ThulacHelper.cpp */,
				2046FB25296C435600AFD0A8 /* ThulacHelper.hpp */,
			);
			path = thulac;
			sourceTree = "<group>";
		};
		2046FAF5296C2AAA00AFD0A8 /* include */ = {
			isa = PBXGroup;
			children = (
				2046FB00296C2AAA00AFD0A8 /* cb_decoder.h */,
				2046FB04296C2AAA00AFD0A8 /* cb_model.h */,
				2046FAF7296C2AAA00AFD0A8 /* cb_ngram_feature.h */,
				2046FAFE296C2AAA00AFD0A8 /* cb_tagging_decoder.h */,
				2046FB03296C2AAA00AFD0A8 /* cb_tagging_learner.h */,
				2046FB07296C2AAA00AFD0A8 /* dat.h */,
				2046FB06296C2AAA00AFD0A8 /* filter.h */,
				2046FAFC296C2AAA00AFD0A8 /* negword.h */,
				2046FB01296C2AAA00AFD0A8 /* postprocess.h */,
				2046FAF6296C2AAA00AFD0A8 /* preprocess.h */,
				2046FAFB296C2AAA00AFD0A8 /* punctuation.h */,
				2046FAFD296C2AAA00AFD0A8 /* thulac_base.h */,
				2046FAF9296C2AAA00AFD0A8 /* thulac_character.h */,
				2046FAFF296C2AAA00AFD0A8 /* thulac_lib.cc */,
				2046FB08296C2AAA00AFD0A8 /* thulac_lib.h */,
				2046FB05296C2AAA00AFD0A8 /* thulac_raw.h */,
				2046FAFA296C2AAA00AFD0A8 /* thulac.h */,
				2046FB02296C2AAA00AFD0A8 /* timeword.h */,
				2046FAF8296C2AAA00AFD0A8 /* verbword.h */,
			);
			name = include;
			path = ../include;
			sourceTree = "<group>";
		};
		2046FB15296C3E1400AFD0A8 /* libthulac */ = {
			isa = PBXGroup;
			children = (
				2046FB16296C3E1400AFD0A8 /* libthulac.hpp */,
				2046FB18296C3E1400AFD0A8 /* libthulacPriv.hpp */,
				2046FB1A296C3E1400AFD0A8 /* libthulac.cpp */,
			);
			path = libthulac;
			sourceTree = "<group>";
		};
/* End PBXGroup section */

/* Begin PBXHeadersBuildPhase section */
		2046FB10296C3E1400AFD0A8 /* Headers */ = {
			isa = PBXHeadersBuildPhase;
			buildActionMask = 2147483647;
			files = (
				2046FB29296C448400AFD0A8 /* ThulacHelper.hpp in Headers */,
				2046FB19296C3E1400AFD0A8 /* libthulacPriv.hpp in Headers */,
				2046FB17296C3E1400AFD0A8 /* libthulac.hpp in Headers */,
			);
			runOnlyForDeploymentPostprocessing = 0;
		};
/* End PBXHeadersBuildPhase section */

/* Begin PBXNativeTarget section */
		2046FAEA296C2A8A00AFD0A8 /* thulac */ = {
			isa = PBXNativeTarget;
			buildConfigurationList = 2046FAF2296C2A8A00AFD0A8 /* Build configuration list for PBXNativeTarget "thulac" */;
			buildPhases = (
				2046FAE7296C2A8A00AFD0A8 /* Sources */,
				2046FAE8296C2A8A00AFD0A8 /* Frameworks */,
				2046FAE9296C2A8A00AFD0A8 /* CopyFiles */,
			);
			buildRules = (
			);
			dependencies = (
			);
			name = thulac;
			productName = thulac;
			productReference = 2046FAEB296C2A8A00AFD0A8 /* thulac */;
			productType = "com.apple.product-type.tool";
		};
		2046FB13296C3E1400AFD0A8 /* libthulac */ = {
			isa = PBXNativeTarget;
			buildConfigurationList = 2046FB1E296C3E1400AFD0A8 /* Build configuration list for PBXNativeTarget "libthulac" */;
			buildPhases = (
				2046FB10296C3E1400AFD0A8 /* Headers */,
				2046FB11296C3E1400AFD0A8 /* Sources */,
				2046FB12296C3E1400AFD0A8 /* Frameworks */,
			);
			buildRules = (
			);
			dependencies = (
			);
			name = libthulac;
			productName = libthulac;
			productReference = 2046FB14296C3E1400AFD0A8 /* liblibthulac.a */;
			productType = "com.apple.product-type.library.static";
		};
/* End PBXNativeTarget section */

/* Begin PBXProject section */
		2046FAE3296C2A8A00AFD0A8 /* Project object */ = {
			isa = PBXProject;
			attributes = {
				BuildIndependentTargetsInParallel = 1;
				LastUpgradeCheck = 1420;
				TargetAttributes = {
					2046FAEA296C2A8A00AFD0A8 = {
						CreatedOnToolsVersion = 14.2;
					};
					2046FB13296C3E1400AFD0A8 = {
						CreatedOnToolsVersion = 14.2;
					};
				};
			};
			buildConfigurationList = 2046FAE6296C2A8A00AFD0A8 /* Build configuration list for PBXProject "thulac" */;
			compatibilityVersion = "Xcode 14.0";
			developmentRegion = en;
			hasScannedForEncodings = 0;
			knownRegions = (
				en,
				Base,
			);
			mainGroup = 2046FAE2296C2A8A00AFD0A8;
			productRefGroup = 2046FAEC296C2A8A00AFD0A8 /* Products */;
			projectDirPath = "";
			projectRoot = "";
			targets = (
				2046FAEA296C2A8A00AFD0A8 /* thulac */,
				2046FB13296C3E1400AFD0A8 /* libthulac */,
			);
		};
/* End PBXProject section */

/* Begin PBXSourcesBuildPhase section */
		2046FAE7296C2A8A00AFD0A8 /* Sources */ = {
			isa = PBXSourcesBuildPhase;
			buildActionMask = 2147483647;
			files = (
				2046FB09296C2AAA00AFD0A8 /* thulac_lib.cc in Sources */,
				2046FB26296C435600AFD0A8 /* ThulacHelper.cpp in Sources */,
			);
			runOnlyForDeploymentPostprocessing = 0;
		};
		2046FB11296C3E1400AFD0A8 /* Sources */ = {
			isa = PBXSourcesBuildPhase;
			buildActionMask = 2147483647;
			files = (
				2046FB27296C435600AFD0A8 /* ThulacHelper.cpp in Sources */,
				2046FB1B296C3E1400AFD0A8 /* libthulac.cpp in Sources */,
			);
			runOnlyForDeploymentPostprocessing = 0;
		};
/* End PBXSourcesBuildPhase section */

/* Begin XCBuildConfiguration section */
		2046FAF0296C2A8A00AFD0A8 /* Debug */ = {
			isa = XCBuildConfiguration;
			buildSettings = {
				ALWAYS_SEARCH_USER_PATHS = NO;
				CLANG_ANALYZER_NONNULL = YES;
				CLANG_ANALYZER_NUMBER_OBJECT_CONVERSION = YES_AGGRESSIVE;
				CLANG_CXX_LANGUAGE_STANDARD = "c++0x";
				CLANG_ENABLE_MODULES = YES;
				CLANG_ENABLE_OBJC_ARC = YES;
				CLANG_ENABLE_OBJC_WEAK = YES;
				CLANG_WARN_BLOCK_CAPTURE_AUTORELEASING = YES;
				CLANG_WARN_BOOL_CONVERSION = YES;
				CLANG_WARN_COMMA = YES;
				CLANG_WARN_CONSTANT_CONVERSION = YES;
				CLANG_WARN_DEPRECATED_OBJC_IMPLEMENTATIONS = YES;
				CLANG_WARN_DIRECT_OBJC_ISA_USAGE = YES_ERROR;
				CLANG_WARN_DOCUMENTATION_COMMENTS = YES;
				CLANG_WARN_EMPTY_BODY = YES;
				CLANG_WARN_ENUM_CONVERSION = YES;
				CLANG_WARN_INFINITE_RECURSION = YES;
				CLANG_WARN_INT_CONVERSION = YES;
				CLANG_WARN_NON_LITERAL_NULL_CONVERSION = YES;
				CLANG_WARN_OBJC_IMPLICIT_RETAIN_SELF = YES;
				CLANG_WARN_OBJC_LITERAL_CONVERSION = YES;
				CLANG_WARN_OBJC_ROOT_CLASS = YES_ERROR;
				CLANG_WARN_QUOTED_INCLUDE_IN_FRAMEWORK_HEADER = YES;
				CLANG_WARN_RANGE_LOOP_ANALYSIS = YES;
				CLANG_WARN_STRICT_PROTOTYPES = YES;
				CLANG_WARN_SUSPICIOUS_MOVE = YES;
				CLANG_WARN_UNGUARDED_AVAILABILITY = YES_AGGRESSIVE;
				CLANG_WARN_UNREACHABLE_CODE = YES;
				CLANG_WARN__DUPLICATE_METHOD_MATCH = YES;
				COPY_PHASE_STRIP = NO;
				DEBUG_INFORMATION_FORMAT = dwarf;
				ENABLE_STRICT_OBJC_MSGSEND = YES;
				ENABLE_TESTABILITY = YES;
				GCC_C_LANGUAGE_STANDARD = gnu11;
				GCC_DYNAMIC_NO_PIC = NO;
				GCC_NO_COMMON_BLOCKS = YES;
				GCC_OPTIMIZATION_LEVEL = 0;
				GCC_PREPROCESSOR_DEFINITIONS = (
					"DEBUG=1",
					"$(inherited)",
				);
				GCC_WARN_64_TO_32_BIT_CONVERSION = YES;
				GCC_WARN_ABOUT_RETURN_TYPE = YES_ERROR;
				GCC_WARN_UNDECLARED_SELECTOR = YES;
				GCC_WARN_UNINITIALIZED_AUTOS = YES_AGGRESSIVE;
				GCC_WARN_UNUSED_FUNCTION = YES;
				GCC_WARN_UNUSED_VARIABLE = YES;
				MACOSX_DEPLOYMENT_TARGET = 13.1;
				MTL_ENABLE_DEBUG_INFO = INCLUDE_SOURCE;
				MTL_FAST_MATH = YES;
				ONLY_ACTIVE_ARCH = YES;
				SDKROOT = macosx;
			};
			name = Debug;
		};
		2046FAF1296C2A8A00AFD0A8 /* Release */ = {
			isa = XCBuildConfiguration;
			buildSettings = {
				ALWAYS_SEARCH_USER_PATHS = NO;
				CLANG_ANALYZER_NONNULL = YES;
				CLANG_ANALYZER_NUMBER_OBJECT_CONVERSION = YES_AGGRESSIVE;
				CLANG_CXX_LANGUAGE_STANDARD = "c++0x";
				CLANG_ENABLE_MODULES = YES;
				CLANG_ENABLE_OBJC_ARC = YES;
				CLANG_ENABLE_OBJC_WEAK = YES;
				CLANG_WARN_BLOCK_CAPTURE_AUTORELEASING = YES;
				CLANG_WARN_BOOL_CONVERSION = YES;
				CLANG_WARN_COMMA = YES;
				CLANG_WARN_CONSTANT_CONVERSION = YES;
				CLANG_WARN_DEPRECATED_OBJC_IMPLEMENTATIONS = YES;
				CLANG_WARN_DIRECT_OBJC_ISA_USAGE = YES_ERROR;
				CLANG_WARN_DOCUMENTATION_COMMENTS = YES;
				CLANG_WARN_EMPTY_BODY = YES;
				CLANG_WARN_ENUM_CONVERSION = YES;
				CLANG_WARN_INFINITE_RECURSION = YES;
				CLANG_WARN_INT_CONVERSION = YES;
				CLANG_WARN_NON_LITERAL_NULL_CONVERSION = YES;
				CLANG_WARN_OBJC_IMPLICIT_RETAIN_SELF = YES;
				CLANG_WARN_OBJC_LITERAL_CONVERSION = YES;
				CLANG_WARN_OBJC_ROOT_CLASS = YES_ERROR;
				CLANG_WARN_QUOTED_INCLUDE_IN_FRAMEWORK_HEADER = YES;
				CLANG_WARN_RANGE_LOOP_ANALYSIS = YES;
				CLANG_WARN_STRICT_PROTOTYPES = YES;
				CLANG_WARN_SUSPICIOUS_MOVE = YES;
				CLANG_WARN_UNGUARDED_AVAILABILITY = YES_AGGRESSIVE;
				CLANG_WARN_UNREACHABLE_CODE = YES;
				CLANG_WARN__DUPLICATE_METHOD_MATCH = YES;
				COPY_PHASE_STRIP = NO;
				DEBUG_INFORMATION_FORMAT = "dwarf-with-dsym";
				ENABLE_NS_ASSERTIONS = NO;
				ENABLE_STRICT_OBJC_MSGSEND = YES;
				GCC_C_LANGUAGE_STANDARD = gnu11;
				GCC_NO_COMMON_BLOCKS = YES;
				GCC_WARN_64_TO_32_BIT_CONVERSION = YES;
				GCC_WARN_ABOUT_RETURN_TYPE = YES_ERROR;
				GCC_WARN_UNDECLARED_SELECTOR = YES;
				GCC_WARN_UNINITIALIZED_AUTOS = YES_AGGRESSIVE;
				GCC_WARN_UNUSED_FUNCTION = YES;
				GCC_WARN_UNUSED_VARIABLE = YES;
				MACOSX_DEPLOYMENT_TARGET = 13.1;
				MTL_ENABLE_DEBUG_INFO = NO;
				MTL_FAST_MATH = YES;
				SDKROOT = macosx;
			};
			name = Release;
		};
		2046FAF3296C2A8A00AFD0A8 /* Debug */ = {
			isa = XCBuildConfiguration;
			buildSettings = {
				CODE_SIGN_STYLE = Automatic;
				DEVELOPMENT_TEAM = D32H89TCLS;
				ENABLE_HARDENED_RUNTIME = YES;
				PRODUCT_NAME = "$(TARGET_NAME)";
			};
			name = Debug;
		};
		2046FAF4296C2A8A00AFD0A8 /* Release */ = {
			isa = XCBuildConfiguration;
			buildSettings = {
				CODE_SIGN_STYLE = Automatic;
				DEVELOPMENT_TEAM = D32H89TCLS;
				ENABLE_HARDENED_RUNTIME = YES;
				PRODUCT_NAME = "$(TARGET_NAME)";
			};
			name = Release;
		};
		2046FB1C296C3E1400AFD0A8 /* Debug */ = {
			isa = XCBuildConfiguration;
			buildSettings = {
				CLANG_CXX_LANGUAGE_STANDARD = "c++0x";
				CODE_SIGN_STYLE = Automatic;
				DEVELOPMENT_TEAM = D32H89TCLS;
				EXECUTABLE_PREFIX = lib;
				GCC_ENABLE_CPP_EXCEPTIONS = YES;
				GCC_ENABLE_CPP_RTTI = YES;
				PRODUCT_NAME = "$(TARGET_NAME)";
				SKIP_INSTALL = YES;
			};
			name = Debug;
		};
		2046FB1D296C3E1400AFD0A8 /* Release */ = {
			isa = XCBuildConfiguration;
			buildSettings = {
				CLANG_CXX_LANGUAGE_STANDARD = "c++0x";
				CODE_SIGN_STYLE = Automatic;
				DEVELOPMENT_TEAM = D32H89TCLS;
				EXECUTABLE_PREFIX = lib;
				GCC_ENABLE_CPP_EXCEPTIONS = YES;
				GCC_ENABLE_CPP_RTTI = YES;
				PRODUCT_NAME = "$(TARGET_NAME)";
				SKIP_INSTALL = YES;
			};
			name = Release;
		};
/* End XCBuildConfiguration section */

/* Begin XCConfigurationList section */
		2046FAE6296C2A8A00AFD0A8 /* Build configuration list for PBXProject "thulac" */ = {
			isa = XCConfigurationList;
			buildConfigurations = (
				2046FAF0296C2A8A00AFD0A8 /* Debug */,
				2046FAF1296C2A8A00AFD0A8 /* Release */,
			);
			defaultConfigurationIsVisible = 0;
			defaultConfigurationName = Release;
		};
		2046FAF2296C2A8A00AFD0A8 /* Build configuration list for PBXNativeTarget "thulac" */ = {
			isa = XCConfigurationList;
			buildConfigurations = (
				2046FAF3296C2A8A00AFD0A8 /* Debug */,
				2046FAF4296C2A8A00AFD0A8 /* Release */,
			);
			defaultConfigurationIsVisible = 0;
			defaultConfigurationName = Release;
		};
		2046FB1E296C3E1400AFD0A8 /* Build configuration list for PBXNativeTarget "libthulac" */ = {
			isa = XCConfigurationList;
			buildConfigurations = (
				2046FB1C296C3E1400AFD0A8 /* Debug */,
				2046FB1D296C3E1400AFD0A8 /* Release */,
			);
			defaultConfigurationIsVisible = 0;
			defaultConfigurationName = Release;
		};
/* End XCConfigurationList section */
	};
	rootObject = 2046FAE3296C2A8A00AFD0A8 /* Project object */;
}
